
Microsoft Visual Studio Solution File, Format Version 12.00
# Visual Studio Version 17
VisualStudioVersion = 17.11.35327.3
MinimumVisualStudioVersion = 10.0.40219.1
Project("{FAE04EC0-301F-11D3-BF4B-00C04F79EFBC}") = "LangConsoleApp", "LangConsoleApp\LangConsoleApp.csproj", "{A415AC7C-4E83-44F0-AF98-1DDCB6ACB320}"
EndProject
Global
	GlobalSection(SolutionConfigurationPlatforms) = preSolution
		Debug|Any CPU = Debug|Any CPU
		Release|Any CPU = Release|Any CPU
	EndGlobalSection
	GlobalSection(ProjectConfigurationPlatforms) = postSolution
		{A415AC7C-4E83-44F0-AF98-1DDCB6ACB320}.Debug|Any CPU.ActiveCfg = Debug|Any CPU
		{A415AC7C-4E83-44F0-AF98-1DDCB6ACB320}.Debug|Any CPU.Build.0 = Debug|Any CPU
		{A415AC7C-4E83-44F0-AF98-1DDCB6ACB320}.Release|Any CPU.ActiveCfg = Release|Any CPU
		{A415AC7C-4E83-44F0-AF98-1DDCB6ACB320}.Release|Any CPU.Build.0 = Release|Any CPU
	EndGlobalSection
	GlobalSection(SolutionProperties) = preSolution
		HideSolutionNode = FALSE
	EndGlobalSection
	GlobalSection(ExtensibilityGlobals) = postSolution
		SolutionGuid = {FC694A14-045A-4D10-9ED5-2E6C8768AC0F}
	EndGlobalSection
EndGlobal
