
Microsoft Visual Studio Solution File, Format Version 12.00
# Visual Studio Version 17
VisualStudioVersion = 17.11.35431.28
MinimumVisualStudioVersion = 10.0.40219.1
Project("{9A19103F-16F7-4668-BE54-9A1E7A4F7556}") = "AspNetCoreApp", "AspNetCoreApp\AspNetCoreApp.csproj", "{8E189D0C-CCED-492C-AC42-1AF020DD67DB}"
EndProject
Project("{9A19103F-16F7-4668-BE54-9A1E7A4F7556}") = "ConsoleApp", "ConsoleApp\ConsoleApp.csproj", "{66859512-825E-4D3F-AFD8-C0DAA13355F3}"
EndProject
Project("{FAE04EC0-301F-11D3-BF4B-00C04F79EFBC}") = "ConsoleApp1", "ConsoleApp1\ConsoleApp1.csproj", "{77962D6B-BB80-4A51-8A89-EB6CE49FEA2F}"
EndProject
Global
	GlobalSection(SolutionConfigurationPlatforms) = preSolution
		Debug|Any CPU = Debug|Any CPU
		Release|Any CPU = Release|Any CPU
	EndGlobalSection
	GlobalSection(ProjectConfigurationPlatforms) = postSolution
		{8E189D0C-CCED-492C-AC42-1AF020DD67DB}.Debug|Any CPU.ActiveCfg = Debug|Any CPU
		{8E189D0C-CCED-492C-AC42-1AF020DD67DB}.Debug|Any CPU.Build.0 = Debug|Any CPU
		{8E189D0C-CCED-492C-AC42-1AF020DD67DB}.Release|Any CPU.ActiveCfg = Release|Any CPU
		{8E189D0C-CCED-492C-AC42-1AF020DD67DB}.Release|Any CPU.Build.0 = Release|Any CPU
		{66859512-825E-4D3F-AFD8-C0DAA13355F3}.Debug|Any CPU.ActiveCfg = Debug|Any CPU
		{66859512-825E-4D3F-AFD8-C0DAA13355F3}.Debug|Any CPU.Build.0 = Debug|Any CPU
		{66859512-825E-4D3F-AFD8-C0DAA13355F3}.Release|Any CPU.ActiveCfg = Release|Any CPU
		{66859512-825E-4D3F-AFD8-C0DAA13355F3}.Release|Any CPU.Build.0 = Release|Any CPU
		{77962D6B-BB80-4A51-8A89-EB6CE49FEA2F}.Debug|Any CPU.ActiveCfg = Debug|Any CPU
		{77962D6B-BB80-4A51-8A89-EB6CE49FEA2F}.Debug|Any CPU.Build.0 = Debug|Any CPU
		{77962D6B-BB80-4A51-8A89-EB6CE49FEA2F}.Release|Any CPU.ActiveCfg = Release|Any CPU
		{77962D6B-BB80-4A51-8A89-EB6CE49FEA2F}.Release|Any CPU.Build.0 = Release|Any CPU
	EndGlobalSection
	GlobalSection(SolutionProperties) = preSolution
		HideSolutionNode = FALSE
	EndGlobalSection
	GlobalSection(ExtensibilityGlobals) = postSolution
		SolutionGuid = {55E45974-E9E1-4FB2-9129-6515AC45DE9E}
	EndGlobalSection
EndGlobal
